{
  "originHash" : "1e783ec27a85d4b7872852b802d3b61c781b7799e1dffc8ed9a1421d44a919c8",
  "pins" : [
    {
      "identity" : "couchbase-lite-swift",
      "kind" : "remoteSourceControl",
      "location" : "https://github.com/couchbase/couchbase-lite-swift.git",
      "state" : {
        "revision" : "26d5946a72fab2722f83c01c40116d0bd84a0819",
        "version" : "4.0.0"
      }
    }
  ],
  "version" : 3
}
